{
  "name": "mixtunes",
  "version": "0.1.2",
  "lockfileVersion": 3,
  "requires": true,
  "packages": {
    "": {
      "name": "mixtunes",
      "version": "0.1.2",
      "devDependencies": {
        "chrome-types": "0.1.436"
      }
    },
    "node_modules/chrome-types": {
      "version": "0.1.436",
      "resolved": "https://registry.npmjs.org/chrome-types/-/chrome-types-0.1.436.tgz",
      "integrity": "sha512-/GtvUUa9G9w2yZgfErvczpql5KjvaBsTEyJ+n47LPcGg8/8UiUeurYyrhdIFz5Uv0Gmim80eYco2oXU0r43kfw==",
      "dev": true,
      "license": "Apache-2.0"
    }
  }
}
